// !$*UTF8*$!
{
	archiveVersion = 1;
	classes = {
	};
	objectVersion = 46;
	objects = {

/* Begin PBXBuildFile section */
		377C0A771CBFBB240016699B /* AppDelegate.swift in Sources */ = {isa = PBXBuildFile; fileRef = 377C0A761CBFBB240016699B /* AppDelegate.swift */; };
		377C0A791CBFBB240016699B /* ViewController.swift in Sources */ = {isa = PBXBuildFile; fileRef = 377C0A781CBFBB240016699B /* ViewController.swift */; };
		377C0A7C1CBFBB240016699B /* Main.storyboard in Resources */ = {isa = PBXBuildFile; fileRef = 377C0A7A1CBFBB240016699B /* Main.storyboard */; };
		377C0A7E1CBFBB240016699B /* Assets.xcassets in Resources */ = {isa = PBXBuildFile; fileRef = 377C0A7D1CBFBB240016699B /* Assets.xcassets */; };
		377C0A811CBFBB240016699B /* LaunchScreen.storyboard in Resources */ = {isa = PBXBuildFile; fileRef = 377C0A7F1CBFBB240016699B /* LaunchScreen.storyboard */; };
		377C0A8E1CBFBC250016699B /* SLImageView.framework in Frameworks */ = {isa = PBXBuildFile; fileRef = 377C0A8D1CBFBB6C0016699B /* SLImageView.framework */; };
/* End PBXBuildFile section */

/* Begin PBXContainerItemProxy section */
		377C0A8C1CBFBB6C0016699B /* PBXContainerItemProxy */ = {
			isa = PBXContainerItemProxy;
			containerPortal = 377C0A881CBFBB6C0016699B /* SLImageView.xcodeproj */;
			proxyType = 2;
			remoteGlobalIDString = 3718F2651CBFBA20004575EC;
			remoteInfo = SLImageView;
		};
/* End PBXContainerItemProxy section */

/* Begin PBXFileReference section */
		377C0A731CBFBB240016699B /* SLImageViewDemo.app */ = {isa = PBXFileReference; explicitFileType = wrapper.application; includeInIndex = 0; path = SLImageViewDemo.app; sourceTree = BUILT_PRODUCTS_DIR; };
		377C0A761CBFBB240016699B /* AppDelegate.swift */ = {isa = PBXFileReference; lastKnownFileType = sourcecode.swift; path = AppDelegate.swift; sourceTree = "<group>"; };
		377C0A781CBFBB240016699B /* ViewController.swift */ = {isa = PBXFileReference; lastKnownFileType = sourcecode.swift; path = ViewController.swift; sourceTree = "<group>"; };
		377C0A7B1CBFBB240016699B /* Base */ = {isa = PBXFileReference; lastKnownFileType = file.storyboard; name = Base; path = Base.lproj/Main.storyboard; sourceTree = "<group>"; };
		377C0A7D1CBFBB240016699B /* Assets.xcassets */ = {isa = PBXFileReference; lastKnownFileType = folder.assetcatalog; path = Assets.xcassets; sourceTree = "<group>"; };
		377C0A801CBFBB240016699B /* Base */ = {isa = PBXFileReference; lastKnownFileType = file.storyboard; name = Base; path = Base.lproj/LaunchScreen.storyboard; sourceTree = "<group>"; };
		377C0A821CBFBB240016699B /* Info.plist */ = {isa = PBXFileReference; lastKnownFileType = text.plist.xml; path = Info.plist; sourceTree = "<group>"; };
		377C0A881CBFBB6C0016699B /* SLImageView.xcodeproj */ = {isa = PBXFileReference; lastKnownFileType = "wrapper.pb-project"; name = SLImageView.xcodeproj; path = ../SLImageView.xcodeproj; sourceTree = "<group>"; };
/* End PBXFileReference section */

/* Begin PBXFrameworksBuildPhase section */
		377C0A701CBFBB240016699B /* Frameworks */ = {
			isa = PBXFrameworksBuildPhase;
			buildActionMask = 2147483647;
			files = (
				377C0A8E1CBFBC250016699B /* SLImageView.framework in Frameworks */,
			);
			runOnlyForDeploymentPostprocessing = 0;
		};
/* End PBXFrameworksBuildPhase section */

/* Begin PBXGroup section */
		377C0A6A1CBFBB240016699B = {
			isa = PBXGroup;
			children = (
				377C0A881CBFBB6C0016699B /* SLImageView.xcodeproj */,
				377C0A751CBFBB240016699B /* SLImageViewDemo */,
				377C0A741CBFBB240016699B /* Products */,
			);
			sourceTree = "<group>";
		};
		377C0A741CBFBB240016699B /* Products */ = {
			isa = PBXGroup;
			children = (
				377C0A731CBFBB240016699B /* SLImageViewDemo.app */,
			);
			name = Products;
			sourceTree = "<group>";
		};
		377C0A751CBFBB240016699B /* SLImageViewDemo */ = {
			isa = PBXGroup;
			children = (
				377C0A761CBFBB240016699B /* AppDelegate.swift */,
				377C0A781CBFBB240016699B /* ViewController.swift */,
				377C0A7A1CBFBB240016699B /* Main.storyboard */,
				377C0A7D1CBFBB240016699B /* Assets.xcassets */,
				377C0A7F1CBFBB240016699B /* LaunchScreen.storyboard */,
				377C0A821CBFBB240016699B /* Info.plist */,
			);
			path = SLImageViewDemo;
			sourceTree = "<group>";
		};
		377C0A891CBFBB6C0016699B /* Products */ = {
			isa = PBXGroup;
			children = (
				377C0A8D1CBFBB6C0016699B /* SLImageView.framework */,
			);
			name = Products;
			sourceTree = "<group>";
		};
/* End PBXGroup section */

/* Begin PBXNativeTarget section */
		377C0A721CBFBB240016699B /* SLImageViewDemo */ = {
			isa = PBXNativeTarget;
			buildConfigurationList = 377C0A851CBFBB240016699B /* Build configuration list for PBXNativeTarget "SLImageViewDemo" */;
			buildPhases = (
				377C0A6F1CBFBB240016699B /* Sources */,
				377C0A701CBFBB240016699B /* Frameworks */,
				377C0A711CBFBB240016699B /* Resources */,
			);
			buildRules = (
			);
			dependencies = (
			);
			name = SLImageViewDemo;
			productName = SLImageViewDemo;
			productReference = 377C0A731CBFBB240016699B /* SLImageViewDemo.app */;
			productType = "com.apple.product-type.application";
		};
/* End PBXNativeTarget section */

/* Begin PBXProject section */
		377C0A6B1CBFBB240016699B /* Project object */ = {
			isa = PBXProject;
			attributes = {
				LastSwiftUpdateCheck = 0730;
				LastUpgradeCheck = 0730;
				ORGANIZATIONNAME = szarkowicz;
				TargetAttributes = {
					377C0A721CBFBB240016699B = {
						CreatedOnToolsVersion = 7.3;
					};
				};
			};
			buildConfigurationList = 377C0A6E1CBFBB240016699B /* Build configuration list for PBXProject "SLImageViewDemo" */;
			compatibilityVersion = "Xcode 3.2";
			developmentRegion = English;
			hasScannedForEncodings = 0;
			knownRegions = (
				en,
				Base,
			);
			mainGroup = 377C0A6A1CBFBB240016699B;
			productRefGroup = 377C0A741CBFBB240016699B /* Products */;
			projectDirPath = "";
			projectReferences = (
				{
					ProductGroup = 377C0A891CBFBB6C0016699B /* Products */;
					ProjectRef = 377C0A881CBFBB6C0016699B /* SLImageView.xcodeproj */;
				},
			);
			projectRoot = "";
			targets = (
				377C0A721CBFBB240016699B /* SLImageViewDemo */,
			);
		};
/* End PBXProject section */

/* Begin PBXReferenceProxy section */
		377C0A8D1CBFBB6C0016699B /* SLImageView.framework */ = {
			isa = PBXReferenceProxy;
			fileType = wrapper.framework;
			path = SLImageView.framework;
			remoteRef = 377C0A8C1CBFBB6C0016699B /* PBXContainerItemProxy */;
			sourceTree = BUILT_PRODUCTS_DIR;
		};
/* End PBXReferenceProxy section */

/* Begin PBXResourcesBuildPhase section */
		377C0A711CBFBB240016699B /* Resources */ = {
			isa = PBXResourcesBuildPhase;
			buildActionMask = 2147483647;
			files = (
				377C0A811CBFBB240016699B /* LaunchScreen.storyboard in Resources */,
				377C0A7E1CBFBB240016699B /* Assets.xcassets in Resources */,
				377C0A7C1CBFBB240016699B /* Main.storyboard in Resources */,
			);
			runOnlyForDeploymentPostprocessing = 0;
		};
/* End PBXResourcesBuildPhase section */

/* Begin PBXSourcesBuildPhase section */
		377C0A6F1CBFBB240016699B /* Sources */ = {
			isa = PBXSourcesBuildPhase;
			buildActionMask = 2147483647;
			files = (
				377C0A791CBFBB240016699B /* ViewController.swift in Sources */,
				377C0A771CBFBB240016699B /* AppDelegate.swift in Sources */,
			);
			runOnlyForDeploymentPostprocessing = 0;
		};
/* End PBXSourcesBuildPhase section */

/* Begin PBXVariantGroup section */
		377C0A7A1CBFBB240016699B /* Main.storyboard */ = {
			isa = PBXVariantGroup;
			children = (
				377C0A7B1CBFBB240016699B /* Base */,
			);
			name = Main.storyboard;
			sourceTree = "<group>";
		};
		377C0A7F1CBFBB240016699B /* LaunchScreen.storyboard */ = {
			isa = PBXVariantGroup;
			children = (
				377C0A801CBFBB240016699B /* Base */,
			);
			name = LaunchScreen.storyboard;
			sourceTree = "<group>";
		};
/* End PBXVariantGroup section */

/* Begin XCBuildConfiguration section */
		377C0A831CBFBB240016699B /* Debug */ = {
			isa = XCBuildConfiguration;
			buildSettings = {
				ALWAYS_SEARCH_USER_PATHS = NO;
				CLANG_ANALYZER_NONNULL = YES;
				CLANG_CXX_LANGUAGE_STANDARD = "gnu++0x";
				CLANG_CXX_LIBRARY = "libc++";
				CLANG_ENABLE_MODULES = YES;
				CLANG_ENABLE_OBJC_ARC = YES;
				CLANG_WARN_BOOL_CONVERSION = YES;
				CLANG_WARN_CONSTANT_CONVERSION = YES;
				CLANG_WARN_DIRECT_OBJC_ISA_USAGE = YES_ERROR;
				CLANG_WARN_EMPTY_BODY = YES;
				CLANG_WARN_ENUM_CONVERSION = YES;
				CLANG_WARN_INT_CONVERSION = YES;
				CLANG_WARN_OBJC_ROOT_CLASS = YES_ERROR;
				CLANG_WARN_UNREACHABLE_CODE = YES;
				CLANG_WARN__DUPLICATE_METHOD_MATCH = YES;
				"CODE_SIGN_IDENTITY[sdk=iphoneos*]" = "iPhone Developer";
				COPY_PHASE_STRIP = NO;
				DEBUG_INFORMATION_FORMAT = dwarf;
				ENABLE_STRICT_OBJC_MSGSEND = YES;
				ENABLE_TESTABILITY = YES;
				GCC_C_LANGUAGE_STANDARD = gnu99;
				GCC_DYNAMIC_NO_PIC = NO;
				GCC_NO_COMMON_BLOCKS = YES;
				GCC_OPTIMIZATION_LEVEL = 0;
				GCC_PREPROCESSOR_DEFINITIONS = (
					"DEBUG=1",
					"$(inherited)",
				);
				GCC_WARN_64_TO_32_BIT_CONVERSION = YES;
				GCC_WARN_ABOUT_RETURN_TYPE = YES_ERROR;
				GCC_WARN_UNDECLARED_SELECTOR = YES;
				GCC_WARN_UNINITIALIZED_AUTOS = YES_AGGRESSIVE;
				GCC_WARN_UNUSED_FUNCTION = YES;
				GCC_WARN_UNUSED_VARIABLE = YES;
				IPHONEOS_DEPLOYMENT_TARGET = 9.3;
				MTL_ENABLE_DEBUG_INFO = YES;
				ONLY_ACTIVE_ARCH = YES;
				SDKROOT = iphoneos;
				SWIFT_OPTIMIZATION_LEVEL = "-Onone";
				TARGETED_DEVICE_FAMILY = "1,2";
			};
			name = Debug;
		};
		377C0A841CBFBB240016699B /* Release */ = {
			isa = XCBuildConfiguration;
			buildSettings = {
				ALWAYS_SEARCH_USER_PATHS = NO;
				CLANG_ANALYZER_NONNULL = YES;
				CLANG_CXX_LANGUAGE_STANDARD = "gnu++0x";
				CLANG_CXX_LIBRARY = "libc++";
				CLANG_ENABLE_MODULES = YES;
				CLANG_ENABLE_OBJC_ARC = YES;
				CLANG_WARN_BOOL_CONVERSION = YES;
				CLANG_WARN_CONSTANT_CONVERSION = YES;
				CLANG_WARN_DIRECT_OBJC_ISA_USAGE = YES_ERROR;
				CLANG_WARN_EMPTY_BODY = YES;
				CLANG_WARN_ENUM_CONVERSION = YES;
				CLANG_WARN_INT_CONVERSION = YES;
				CLANG_WARN_OBJC_ROOT_CLASS = YES_ERROR;
				CLANG_WARN_UNREACHABLE_CODE = YES;
				CLANG_WARN__DUPLICATE_METHOD_MATCH = YES;
				"CODE_SIGN_IDENTITY[sdk=iphoneos*]" = "iPhone Developer";
				COPY_PHASE_STRIP = NO;
				DEBUG_INFORMATION_FORMAT = "dwarf-with-dsym";
				ENABLE_NS_ASSERTIONS = NO;
				ENABLE_STRICT_OBJC_MSGSEND = YES;
				GCC_C_LANGUAGE_STANDARD = gnu99;
				GCC_NO_COMMON_BLOCKS = YES;
				GCC_WARN_64_TO_32_BIT_CONVERSION = YES;
				GCC_WARN_ABOUT_RETURN_TYPE = YES_ERROR;
				GCC_WARN_UNDECLARED_SELECTOR = YES;
				GCC_WARN_UNINITIALIZED_AUTOS = YES_AGGRESSIVE;
				GCC_WARN_UNUSED_FUNCTION = YES;
				GCC_WARN_UNUSED_VARIABLE = YES;
				IPHONEOS_DEPLOYMENT_TARGET = 9.3;
				MTL_ENABLE_DEBUG_INFO = NO;
				SDKROOT = iphoneos;
				TARGETED_DEVICE_FAMILY = "1,2";
				VALIDATE_PRODUCT = YES;
			};
			name = Release;
		};
		377C0A861CBFBB240016699B /* Debug */ = {
			isa = XCBuildConfiguration;
			buildSettings = {
				ASSETCATALOG_COMPILER_APPICON_NAME = AppIcon;
				INFOPLIST_FILE = SLImageViewDemo/Info.plist;
				LD_RUNPATH_SEARCH_PATHS = "$(inherited) @executable_path/Frameworks";
				PRODUCT_BUNDLE_IDENTIFIER = info.szarkowicz.SLImageViewDemo;
				PRODUCT_NAME = "$(TARGET_NAME)";
			};
			name = Debug;
		};
		377C0A871CBFBB240016699B /* Release */ = {
			isa = XCBuildConfiguration;
			buildSettings = {
				ASSETCATALOG_COMPILER_APPICON_NAME = AppIcon;
				INFOPLIST_FILE = SLImageViewDemo/Info.plist;
				LD_RUNPATH_SEARCH_PATHS = "$(inherited) @executable_path/Frameworks";
				PRODUCT_BUNDLE_IDENTIFIER = info.szarkowicz.SLImageViewDemo;
				PRODUCT_NAME = "$(TARGET_NAME)";
			};
			name = Release;
		};
/* End XCBuildConfiguration section */

/* Begin XCConfigurationList section */
		377C0A6E1CBFBB240016699B /* Build configuration list for PBXProject "SLImageViewDemo" */ = {
			isa = XCConfigurationList;
			buildConfigurations = (
				377C0A831CBFBB240016699B /* Debug */,
				377C0A841CBFBB240016699B /* Release */,
			);
			defaultConfigurationIsVisible = 0;
			defaultConfigurationName = Release;
		};
		377C0A851CBFBB240016699B /* Build configuration list for PBXNativeTarget "SLImageViewDemo" */ = {
			isa = XCConfigurationList;
			buildConfigurations = (
				377C0A861CBFBB240016699B /* Debug */,
				377C0A871CBFBB240016699B /* Release */,
			);
			defaultConfigurationIsVisible = 0;
		};
/* End XCConfigurationList section */
	};
	rootObject = 377C0A6B1CBFBB240016699B /* Project object */;
}
